packages:
  common_cells:
    revision: e03f259488183d9c1bea0fc82cbeff3f88c40056
    version: 1.40.0
    source:
      Git: https://github.com/chorus96/common_cells.git
    dependencies:
    - common_verification
    - tech_cells_generic
  common_verification:
    revision: 8edc2caa1cccecaeeed3f5d20b22e6864a2567ae
    version: 0.2.6
    source:
      Git: https://github.com/chorus96/common_verification.git
    dependencies: []
  tech_cells_generic:
    revision: 9466373a3e0f320fdcfcbbfea8dd8f5660b6d216
    version: 0.2.14
    source:
      Git: https://github.com/chorus96/tech_cells_generic.git
    dependencies:
    - common_verification
